// !$*UTF8*$!
{
	archiveVersion = 1;
	classes = {
	};
	objectVersion = 56;
	objects = {

/* Begin PBXBuildFile section */
		0A125119780081D026C087B7 /* Pods_PracticeForLogin_PracticeForLoginUITests.framework in Frameworks */ = {isa = PBXBuildFile; fileRef = 1C20DE8C63E0AD309FB40535 /* Pods_PracticeForLogin_PracticeForLoginUITests.framework */; };
		0A9211868D4363AF5B7195B4 /* Pods_PracticeForLoginTests.framework in Frameworks */ = {isa = PBXBuildFile; fileRef = E851E1AFA1C4A2CFAE7685F0 /* Pods_PracticeForLoginTests.framework */; };
		4CF1A3B9812FF20E56411C85 /* Pods_PracticeForLogin.framework in Frameworks */ = {isa = PBXBuildFile; fileRef = 16825D97DEAB6659D6B9C1E5 /* Pods_PracticeForLogin.framework */; };
		9B1B6FB02A43B72200E1EC53 /* AppDelegate.swift in Sources */ = {isa = PBXBuildFile; fileRef = 9B1B6FAF2A43B72200E1EC53 /* AppDelegate.swift */; };
		9B1B6FB22A43B72200E1EC53 /* SceneDelegate.swift in Sources */ = {isa = PBXBuildFile; fileRef = 9B1B6FB12A43B72200E1EC53 /* SceneDelegate.swift */; };
		9B1B6FB42A43B72200E1EC53 /* LoginViewController.swift in Sources */ = {isa = PBXBuildFile; fileRef = 9B1B6FB32A43B72200E1EC53 /* LoginViewController.swift */; };
		9B1B6FB92A43B72600E1EC53 /* Assets.xcassets in Resources */ = {isa = PBXBuildFile; fileRef = 9B1B6FB82A43B72600E1EC53 /* Assets.xcassets */; };
		9B1B6FBC2A43B72600E1EC53 /* LaunchScreen.storyboard in Resources */ = {isa = PBXBuildFile; fileRef = 9B1B6FBA2A43B72600E1EC53 /* LaunchScreen.storyboard */; };
		9B1B6FC72A43B72600E1EC53 /* PracticeForLoginTests.swift in Sources */ = {isa = PBXBuildFile; fileRef = 9B1B6FC62A43B72600E1EC53 /* PracticeForLoginTests.swift */; };
		9B1B6FD12A43B72600E1EC53 /* PracticeForLoginUITests.swift in Sources */ = {isa = PBXBuildFile; fileRef = 9B1B6FD02A43B72600E1EC53 /* PracticeForLoginUITests.swift */; };
		9B1B6FD32A43B72600E1EC53 /* PracticeForLoginUITestsLaunchTests.swift in Sources */ = {isa = PBXBuildFile; fileRef = 9B1B6FD22A43B72600E1EC53 /* PracticeForLoginUITestsLaunchTests.swift */; };
		9B36032B2A49484100BE4E0D /* LoginView.swift in Sources */ = {isa = PBXBuildFile; fileRef = 9B36032A2A49484100BE4E0D /* LoginView.swift */; };
		9B3603302A49651100BE4E0D /* UIButton.swift in Sources */ = {isa = PBXBuildFile; fileRef = 9B36032F2A49651100BE4E0D /* UIButton.swift */; };
		9B8D7D0A2A4A6BA200E0473D /* LaunchScreenViewController.swift in Sources */ = {isa = PBXBuildFile; fileRef = 9B8D7D092A4A6BA200E0473D /* LaunchScreenViewController.swift */; };
		9B8D7D102A4A7BB700E0473D /* Drop_Pong_yellow.json in Resources */ = {isa = PBXBuildFile; fileRef = 9B8D7D0F2A4A7BB700E0473D /* Drop_Pong_yellow.json */; };
		9B8D7D142A4AA17600E0473D /* LoginNavigationController.swift in Sources */ = {isa = PBXBuildFile; fileRef = 9B8D7D132A4AA17600E0473D /* LoginNavigationController.swift */; };
		9B8D7D162A4AA8A100E0473D /* SigninViewController.swift in Sources */ = {isa = PBXBuildFile; fileRef = 9B8D7D152A4AA8A100E0473D /* SigninViewController.swift */; };
		9B8D7D182A4AA8EC00E0473D /* SigninView.swift in Sources */ = {isa = PBXBuildFile; fileRef = 9B8D7D172A4AA8EC00E0473D /* SigninView.swift */; };
		9B8D7D1A2A4AAAFB00E0473D /* UIColor.swift in Sources */ = {isa = PBXBuildFile; fileRef = 9B8D7D192A4AAAFB00E0473D /* UIColor.swift */; };
		9B8D7D1C2A4AB35500E0473D /* Constants.swift in Sources */ = {isa = PBXBuildFile; fileRef = 9B8D7D1B2A4AB35500E0473D /* Constants.swift */; };
		9B8D7D222A4ACB7300E0473D /* HomeViewController.swift in Sources */ = {isa = PBXBuildFile; fileRef = 9B8D7D212A4ACB7300E0473D /* HomeViewController.swift */; };
		9B8D7D242A4ACBB200E0473D /* HomeView.swift in Sources */ = {isa = PBXBuildFile; fileRef = 9B8D7D232A4ACBB200E0473D /* HomeView.swift */; };
		9B8D7D2A2A4AD0ED00E0473D /* SampleViewController.swift in Sources */ = {isa = PBXBuildFile; fileRef = 9B8D7D292A4AD0ED00E0473D /* SampleViewController.swift */; };
		9B8D7D2C2A4AD1A300E0473D /* SampleView.swift in Sources */ = {isa = PBXBuildFile; fileRef = 9B8D7D2B2A4AD1A300E0473D /* SampleView.swift */; };
		9B8D7D2E2A4BB29D00E0473D /* UIViewController.swift in Sources */ = {isa = PBXBuildFile; fileRef = 9B8D7D2D2A4BB29D00E0473D /* UIViewController.swift */; };
		9B8D7D302A4BF7F700E0473D /* HomeNavigationController.swift in Sources */ = {isa = PBXBuildFile; fileRef = 9B8D7D2F2A4BF7F700E0473D /* HomeNavigationController.swift */; };
		9B8D7D322A4C185500E0473D /* Food.swift in Sources */ = {isa = PBXBuildFile; fileRef = 9B8D7D312A4C185500E0473D /* Food.swift */; };
		9B8D7D342A4C18F700E0473D /* FoodView.swift in Sources */ = {isa = PBXBuildFile; fileRef = 9B8D7D332A4C18F700E0473D /* FoodView.swift */; };
		9B8D7D362A4C1C0400E0473D /* FoodViewController.swift in Sources */ = {isa = PBXBuildFile; fileRef = 9B8D7D352A4C1C0400E0473D /* FoodViewController.swift */; };
		9B8D7D382A4C1DAF00E0473D /* FoodCell.swift in Sources */ = {isa = PBXBuildFile; fileRef = 9B8D7D372A4C1DAF00E0473D /* FoodCell.swift */; };
		9BC5484D2A4D04510059701D /* FoodDataManager.swift in Sources */ = {isa = PBXBuildFile; fileRef = 9BC5484C2A4D04510059701D /* FoodDataManager.swift */; };
		9BC5484F2A4D1AE60059701D /* OnlyTableViewController.swift in Sources */ = {isa = PBXBuildFile; fileRef = 9BC5484E2A4D1AE60059701D /* OnlyTableViewController.swift */; };
		9BC548512A4D1B6F0059701D /* OnlyTableView.swift in Sources */ = {isa = PBXBuildFile; fileRef = 9BC548502A4D1B6F0059701D /* OnlyTableView.swift */; };
		9BC548532A4D23190059701D /* FoodDetailViewController.swift in Sources */ = {isa = PBXBuildFile; fileRef = 9BC548522A4D23190059701D /* FoodDetailViewController.swift */; };
		9BC548552A4D4D7C0059701D /* SubNavigationView.swift in Sources */ = {isa = PBXBuildFile; fileRef = 9BC548542A4D4D7C0059701D /* SubNavigationView.swift */; };
		9BC548572A4D55780059701D /* TouchableOpacityView.swift in Sources */ = {isa = PBXBuildFile; fileRef = 9BC548562A4D55780059701D /* TouchableOpacityView.swift */; };
		9BC548592A4D559A0059701D /* OpacityTapGestureRecognizer.swift in Sources */ = {isa = PBXBuildFile; fileRef = 9BC548582A4D559A0059701D /* OpacityTapGestureRecognizer.swift */; };
		9BC5485B2A4D56290059701D /* SubNavigationCell.swift in Sources */ = {isa = PBXBuildFile; fileRef = 9BC5485A2A4D56290059701D /* SubNavigationCell.swift */; };
		9BC5485D2A4E77030059701D /* UIImageView.swift in Sources */ = {isa = PBXBuildFile; fileRef = 9BC5485C2A4E77030059701D /* UIImageView.swift */; };
		9BC548642A4E9C050059701D /* SetingViewController.swift in Sources */ = {isa = PBXBuildFile; fileRef = 9BC548632A4E9C050059701D /* SetingViewController.swift */; };
		9BC548662A4E9C740059701D /* SettingView.swift in Sources */ = {isa = PBXBuildFile; fileRef = 9BC548652A4E9C740059701D /* SettingView.swift */; };
		9BC548682A4E9DBE0059701D /* SettingNavigationController.swift in Sources */ = {isa = PBXBuildFile; fileRef = 9BC548672A4E9DBE0059701D /* SettingNavigationController.swift */; };
		9BC5486A2A4EA03E0059701D /* MainTabBarController.swift in Sources */ = {isa = PBXBuildFile; fileRef = 9BC548692A4EA03E0059701D /* MainTabBarController.swift */; };
/* End PBXBuildFile section */

/* Begin PBXContainerItemProxy section */
		9B1B6FC32A43B72600E1EC53 /* PBXContainerItemProxy */ = {
			isa = PBXContainerItemProxy;
			containerPortal = 9B1B6FA42A43B72200E1EC53 /* Project object */;
			proxyType = 1;
			remoteGlobalIDString = 9B1B6FAB2A43B72200E1EC53;
			remoteInfo = PracticeForLogin;
		};
		9B1B6FCD2A43B72600E1EC53 /* PBXContainerItemProxy */ = {
			isa = PBXContainerItemProxy;
			containerPortal = 9B1B6FA42A43B72200E1EC53 /* Project object */;
			proxyType = 1;
			remoteGlobalIDString = 9B1B6FAB2A43B72200E1EC53;
			remoteInfo = PracticeForLogin;
		};
/* End PBXContainerItemProxy section */

/* Begin PBXFileReference section */
		16825D97DEAB6659D6B9C1E5 /* Pods_PracticeForLogin.framework */ = {isa = PBXFileReference; explicitFileType = wrapper.framework; includeInIndex = 0; path = Pods_PracticeForLogin.framework; sourceTree = BUILT_PRODUCTS_DIR; };
		1C20DE8C63E0AD309FB40535 /* Pods_PracticeForLogin_PracticeForLoginUITests.framework */ = {isa = PBXFileReference; explicitFileType = wrapper.framework; includeInIndex = 0; path = Pods_PracticeForLogin_PracticeForLoginUITests.framework; sourceTree = BUILT_PRODUCTS_DIR; };
		2C35A027EE80E7CA5EA87EAC /* Pods-PracticeForLogin.release.xcconfig */ = {isa = PBXFileReference; includeInIndex = 1; lastKnownFileType = text.xcconfig; name = "Pods-PracticeForLogin.release.xcconfig"; path = "Target Support Files/Pods-PracticeForLogin/Pods-PracticeForLogin.release.xcconfig"; sourceTree = "<group>"; };
		2CE024D3D4D7E1FA2D861CAD /* Pods-PracticeForLogin.debug.xcconfig */ = {isa = PBXFileReference; includeInIndex = 1; lastKnownFileType = text.xcconfig; name = "Pods-PracticeForLogin.debug.xcconfig"; path = "Target Support Files/Pods-PracticeForLogin/Pods-PracticeForLogin.debug.xcconfig"; sourceTree = "<group>"; };
		65DD5AD0987A1BD745BBACBB /* Pods-PracticeForLogin-PracticeForLoginUITests.release.xcconfig */ = {isa = PBXFileReference; includeInIndex = 1; lastKnownFileType = text.xcconfig; name = "Pods-PracticeForLogin-PracticeForLoginUITests.release.xcconfig"; path = "Target Support Files/Pods-PracticeForLogin-PracticeForLoginUITests/Pods-PracticeForLogin-PracticeForLoginUITests.release.xcconfig"; sourceTree = "<group>"; };
		9B1B6FAC2A43B72200E1EC53 /* PracticeForLogin.app */ = {isa = PBXFileReference; explicitFileType = wrapper.application; includeInIndex = 0; path = PracticeForLogin.app; sourceTree = BUILT_PRODUCTS_DIR; };
		9B1B6FAF2A43B72200E1EC53 /* AppDelegate.swift */ = {isa = PBXFileReference; lastKnownFileType = sourcecode.swift; path = AppDelegate.swift; sourceTree = "<group>"; };
		9B1B6FB12A43B72200E1EC53 /* SceneDelegate.swift */ = {isa = PBXFileReference; lastKnownFileType = sourcecode.swift; path = SceneDelegate.swift; sourceTree = "<group>"; };
		9B1B6FB32A43B72200E1EC53 /* LoginViewController.swift */ = {isa = PBXFileReference; lastKnownFileType = sourcecode.swift; path = LoginViewController.swift; sourceTree = "<group>"; };
		9B1B6FB82A43B72600E1EC53 /* Assets.xcassets */ = {isa = PBXFileReference; lastKnownFileType = folder.assetcatalog; path = Assets.xcassets; sourceTree = "<group>"; };
		9B1B6FBB2A43B72600E1EC53 /* Base */ = {isa = PBXFileReference; lastKnownFileType = file.storyboard; name = Base; path = Base.lproj/LaunchScreen.storyboard; sourceTree = "<group>"; };
		9B1B6FBD2A43B72600E1EC53 /* Info.plist */ = {isa = PBXFileReference; lastKnownFileType = text.plist.xml; path = Info.plist; sourceTree = "<group>"; };
		9B1B6FC22A43B72600E1EC53 /* PracticeForLoginTests.xctest */ = {isa = PBXFileReference; explicitFileType = wrapper.cfbundle; includeInIndex = 0; path = PracticeForLoginTests.xctest; sourceTree = BUILT_PRODUCTS_DIR; };
		9B1B6FC62A43B72600E1EC53 /* PracticeForLoginTests.swift */ = {isa = PBXFileReference; lastKnownFileType = sourcecode.swift; path = PracticeForLoginTests.swift; sourceTree = "<group>"; };
		9B1B6FCC2A43B72600E1EC53 /* PracticeForLoginUITests.xctest */ = {isa = PBXFileReference; explicitFileType = wrapper.cfbundle; includeInIndex = 0; path = PracticeForLoginUITests.xctest; sourceTree = BUILT_PRODUCTS_DIR; };
		9B1B6FD02A43B72600E1EC53 /* PracticeForLoginUITests.swift */ = {isa = PBXFileReference; lastKnownFileType = sourcecode.swift; path = PracticeForLoginUITests.swift; sourceTree = "<group>"; };
		9B1B6FD22A43B72600E1EC53 /* PracticeForLoginUITestsLaunchTests.swift */ = {isa = PBXFileReference; lastKnownFileType = sourcecode.swift; path = PracticeForLoginUITestsLaunchTests.swift; sourceTree = "<group>"; };
		9B36032A2A49484100BE4E0D /* LoginView.swift */ = {isa = PBXFileReference; lastKnownFileType = sourcecode.swift; path = LoginView.swift; sourceTree = "<group>"; };
		9B36032F2A49651100BE4E0D /* UIButton.swift */ = {isa = PBXFileReference; lastKnownFileType = sourcecode.swift; path = UIButton.swift; sourceTree = "<group>"; };
		9B8D7D092A4A6BA200E0473D /* LaunchScreenViewController.swift */ = {isa = PBXFileReference; lastKnownFileType = sourcecode.swift; path = LaunchScreenViewController.swift; sourceTree = "<group>"; };
		9B8D7D0F2A4A7BB700E0473D /* Drop_Pong_yellow.json */ = {isa = PBXFileReference; explicitFileType = text.json; path = Drop_Pong_yellow.json; sourceTree = "<group>"; };
		9B8D7D132A4AA17600E0473D /* LoginNavigationController.swift */ = {isa = PBXFileReference; lastKnownFileType = sourcecode.swift; path = LoginNavigationController.swift; sourceTree = "<group>"; };
		9B8D7D152A4AA8A100E0473D /* SigninViewController.swift */ = {isa = PBXFileReference; lastKnownFileType = sourcecode.swift; path = SigninViewController.swift; sourceTree = "<group>"; };
		9B8D7D172A4AA8EC00E0473D /* SigninView.swift */ = {isa = PBXFileReference; lastKnownFileType = sourcecode.swift; path = SigninView.swift; sourceTree = "<group>"; };
		9B8D7D192A4AAAFB00E0473D /* UIColor.swift */ = {isa = PBXFileReference; lastKnownFileType = sourcecode.swift; path = UIColor.swift; sourceTree = "<group>"; };
		9B8D7D1B2A4AB35500E0473D /* Constants.swift */ = {isa = PBXFileReference; lastKnownFileType = sourcecode.swift; path = Constants.swift; sourceTree = "<group>"; };
		9B8D7D212A4ACB7300E0473D /* HomeViewController.swift */ = {isa = PBXFileReference; lastKnownFileType = sourcecode.swift; path = HomeViewController.swift; sourceTree = "<group>"; };
		9B8D7D232A4ACBB200E0473D /* HomeView.swift */ = {isa = PBXFileReference; lastKnownFileType = sourcecode.swift; path = HomeView.swift; sourceTree = "<group>"; };
		9B8D7D292A4AD0ED00E0473D /* SampleViewController.swift */ = {isa = PBXFileReference; lastKnownFileType = sourcecode.swift; path = SampleViewController.swift; sourceTree = "<group>"; };
		9B8D7D2B2A4AD1A300E0473D /* SampleView.swift */ = {isa = PBXFileReference; lastKnownFileType = sourcecode.swift; path = SampleView.swift; sourceTree = "<group>"; };
		9B8D7D2D2A4BB29D00E0473D /* UIViewController.swift */ = {isa = PBXFileReference; lastKnownFileType = sourcecode.swift; path = UIViewController.swift; sourceTree = "<group>"; };
		9B8D7D2F2A4BF7F700E0473D /* HomeNavigationController.swift */ = {isa = PBXFileReference; lastKnownFileType = sourcecode.swift; path = HomeNavigationController.swift; sourceTree = "<group>"; };
		9B8D7D312A4C185500E0473D /* Food.swift */ = {isa = PBXFileReference; lastKnownFileType = sourcecode.swift; path = Food.swift; sourceTree = "<group>"; };
		9B8D7D332A4C18F700E0473D /* FoodView.swift */ = {isa = PBXFileReference; lastKnownFileType = sourcecode.swift; path = FoodView.swift; sourceTree = "<group>"; };
		9B8D7D352A4C1C0400E0473D /* FoodViewController.swift */ = {isa = PBXFileReference; lastKnownFileType = sourcecode.swift; path = FoodViewController.swift; sourceTree = "<group>"; };
		9B8D7D372A4C1DAF00E0473D /* FoodCell.swift */ = {isa = PBXFileReference; lastKnownFileType = sourcecode.swift; path = FoodCell.swift; sourceTree = "<group>"; };
		9BC5484C2A4D04510059701D /* FoodDataManager.swift */ = {isa = PBXFileReference; lastKnownFileType = sourcecode.swift; path = FoodDataManager.swift; sourceTree = "<group>"; };
		9BC5484E2A4D1AE60059701D /* OnlyTableViewController.swift */ = {isa = PBXFileReference; lastKnownFileType = sourcecode.swift; path = OnlyTableViewController.swift; sourceTree = "<group>"; };
		9BC548502A4D1B6F0059701D /* OnlyTableView.swift */ = {isa = PBXFileReference; lastKnownFileType = sourcecode.swift; path = OnlyTableView.swift; sourceTree = "<group>"; };
		9BC548522A4D23190059701D /* FoodDetailViewController.swift */ = {isa = PBXFileReference; lastKnownFileType = sourcecode.swift; path = FoodDetailViewController.swift; sourceTree = "<group>"; };
		9BC548542A4D4D7C0059701D /* SubNavigationView.swift */ = {isa = PBXFileReference; lastKnownFileType = sourcecode.swift; path = SubNavigationView.swift; sourceTree = "<group>"; };
		9BC548562A4D55780059701D /* TouchableOpacityView.swift */ = {isa = PBXFileReference; lastKnownFileType = sourcecode.swift; path = TouchableOpacityView.swift; sourceTree = "<group>"; };
		9BC548582A4D559A0059701D /* OpacityTapGestureRecognizer.swift */ = {isa = PBXFileReference; lastKnownFileType = sourcecode.swift; path = OpacityTapGestureRecognizer.swift; sourceTree = "<group>"; };
		9BC5485A2A4D56290059701D /* SubNavigationCell.swift */ = {isa = PBXFileReference; lastKnownFileType = sourcecode.swift; path = SubNavigationCell.swift; sourceTree = "<group>"; };
		9BC5485C2A4E77030059701D /* UIImageView.swift */ = {isa = PBXFileReference; lastKnownFileType = sourcecode.swift; path = UIImageView.swift; sourceTree = "<group>"; };
		9BC548632A4E9C050059701D /* SetingViewController.swift */ = {isa = PBXFileReference; lastKnownFileType = sourcecode.swift; path = SetingViewController.swift; sourceTree = "<group>"; };
		9BC548652A4E9C740059701D /* SettingView.swift */ = {isa = PBXFileReference; lastKnownFileType = sourcecode.swift; path = SettingView.swift; sourceTree = "<group>"; };
		9BC548672A4E9DBE0059701D /* SettingNavigationController.swift */ = {isa = PBXFileReference; lastKnownFileType = sourcecode.swift; path = SettingNavigationController.swift; sourceTree = "<group>"; };
		9BC548692A4EA03E0059701D /* MainTabBarController.swift */ = {isa = PBXFileReference; lastKnownFileType = sourcecode.swift; path = MainTabBarController.swift; sourceTree = "<group>"; };
		C47175BC685AFF457FC4125E /* Pods-PracticeForLoginTests.debug.xcconfig */ = {isa = PBXFileReference; includeInIndex = 1; lastKnownFileType = text.xcconfig; name = "Pods-PracticeForLoginTests.debug.xcconfig"; path = "Target Support Files/Pods-PracticeForLoginTests/Pods-PracticeForLoginTests.debug.xcconfig"; sourceTree = "<group>"; };
		C810D9E8C26401CB125DA435 /* Pods-PracticeForLoginTests.release.xcconfig */ = {isa = PBXFileReference; includeInIndex = 1; lastKnownFileType = text.xcconfig; name = "Pods-PracticeForLoginTests.release.xcconfig"; path = "Target Support Files/Pods-PracticeForLoginTests/Pods-PracticeForLoginTests.release.xcconfig"; sourceTree = "<group>"; };
		D2871911E18C7E331E115AE6 /* Pods-PracticeForLogin-PracticeForLoginUITests.debug.xcconfig */ = {isa = PBXFileReference; includeInIndex = 1; lastKnownFileType = text.xcconfig; name = "Pods-PracticeForLogin-PracticeForLoginUITests.debug.xcconfig"; path = "Target Support Files/Pods-PracticeForLogin-PracticeForLoginUITests/Pods-PracticeForLogin-PracticeForLoginUITests.debug.xcconfig"; sourceTree = "<group>"; };
		E851E1AFA1C4A2CFAE7685F0 /* Pods_PracticeForLoginTests.framework */ = {isa = PBXFileReference; explicitFileType = wrapper.framework; includeInIndex = 0; path = Pods_PracticeForLoginTests.framework; sourceTree = BUILT_PRODUCTS_DIR; };
/* End PBXFileReference section */

/* Begin PBXFrameworksBuildPhase section */
		9B1B6FA92A43B72200E1EC53 /* Frameworks */ = {
			isa = PBXFrameworksBuildPhase;
			buildActionMask = 2147483647;
			files = (
				4CF1A3B9812FF20E56411C85 /* Pods_PracticeForLogin.framework in Frameworks */,
			);
			runOnlyForDeploymentPostprocessing = 0;
		};
		9B1B6FBF2A43B72600E1EC53 /* Frameworks */ = {
			isa = PBXFrameworksBuildPhase;
			buildActionMask = 2147483647;
			files = (
				0A9211868D4363AF5B7195B4 /* Pods_PracticeForLoginTests.framework in Frameworks */,
			);
			runOnlyForDeploymentPostprocessing = 0;
		};
		9B1B6FC92A43B72600E1EC53 /* Frameworks */ = {
			isa = PBXFrameworksBuildPhase;
			buildActionMask = 2147483647;
			files = (
				0A125119780081D026C087B7 /* Pods_PracticeForLogin_PracticeForLoginUITests.framework in Frameworks */,
			);
			runOnlyForDeploymentPostprocessing = 0;
		};
/* End PBXFrameworksBuildPhase section */

/* Begin PBXGroup section */
		17B360F9B0662A8F71EB36DC /* Pods */ = {
			isa = PBXGroup;
			children = (
				2CE024D3D4D7E1FA2D861CAD /* Pods-PracticeForLogin.debug.xcconfig */,
				2C35A027EE80E7CA5EA87EAC /* Pods-PracticeForLogin.release.xcconfig */,
				D2871911E18C7E331E115AE6 /* Pods-PracticeForLogin-PracticeForLoginUITests.debug.xcconfig */,
				65DD5AD0987A1BD745BBACBB /* Pods-PracticeForLogin-PracticeForLoginUITests.release.xcconfig */,
				C47175BC685AFF457FC4125E /* Pods-PracticeForLoginTests.debug.xcconfig */,
				C810D9E8C26401CB125DA435 /* Pods-PracticeForLoginTests.release.xcconfig */,
			);
			path = Pods;
			sourceTree = "<group>";
		};
		9B1B6FA32A43B72200E1EC53 = {
			isa = PBXGroup;
			children = (
				9B1B6FAE2A43B72200E1EC53 /* PracticeForLogin */,
				9B1B6FC52A43B72600E1EC53 /* PracticeForLoginTests */,
				9B1B6FCF2A43B72600E1EC53 /* PracticeForLoginUITests */,
				9B1B6FAD2A43B72200E1EC53 /* Products */,
				17B360F9B0662A8F71EB36DC /* Pods */,
				AEA1A008AF0487A26A5CE2CB /* Frameworks */,
			);
			sourceTree = "<group>";
		};
		9B1B6FAD2A43B72200E1EC53 /* Products */ = {
			isa = PBXGroup;
			children = (
				9B1B6FAC2A43B72200E1EC53 /* PracticeForLogin.app */,
				9B1B6FC22A43B72600E1EC53 /* PracticeForLoginTests.xctest */,
				9B1B6FCC2A43B72600E1EC53 /* PracticeForLoginUITests.xctest */,
			);
			name = Products;
			sourceTree = "<group>";
		};
		9B1B6FAE2A43B72200E1EC53 /* PracticeForLogin */ = {
			isa = PBXGroup;
			children = (
				9B8D7D0C2A4A7AB400E0473D /* App */,
				9B8D7D052A4A6AA100E0473D /* MVC */,
				9B36032C2A494D9500BE4E0D /* APIs */,
				9B36032D2A494DAC00BE4E0D /* Utils */,
				9B85A5D02A43E76900076093 /* Resource */,
			);
			path = PracticeForLogin;
			sourceTree = "<group>";
		};
		9B1B6FC52A43B72600E1EC53 /* PracticeForLoginTests */ = {
			isa = PBXGroup;
			children = (
				9B1B6FC62A43B72600E1EC53 /* PracticeForLoginTests.swift */,
			);
			path = PracticeForLoginTests;
			sourceTree = "<group>";
		};
		9B1B6FCF2A43B72600E1EC53 /* PracticeForLoginUITests */ = {
			isa = PBXGroup;
			children = (
				9B1B6FD02A43B72600E1EC53 /* PracticeForLoginUITests.swift */,
				9B1B6FD22A43B72600E1EC53 /* PracticeForLoginUITestsLaunchTests.swift */,
			);
			path = PracticeForLoginUITests;
			sourceTree = "<group>";
		};
		9B36032C2A494D9500BE4E0D /* APIs */ = {
			isa = PBXGroup;
			children = (
				9BC5484C2A4D04510059701D /* FoodDataManager.swift */,
			);
			path = APIs;
			sourceTree = "<group>";
		};
		9B36032D2A494DAC00BE4E0D /* Utils */ = {
			isa = PBXGroup;
			children = (
				9B36032E2A494DF000BE4E0D /* Extensions */,
				9B8D7D1B2A4AB35500E0473D /* Constants.swift */,
				9BC548562A4D55780059701D /* TouchableOpacityView.swift */,
				9BC548582A4D559A0059701D /* OpacityTapGestureRecognizer.swift */,
			);
			path = Utils;
			sourceTree = "<group>";
		};
		9B36032E2A494DF000BE4E0D /* Extensions */ = {
			isa = PBXGroup;
			children = (
				9B36032F2A49651100BE4E0D /* UIButton.swift */,
				9B8D7D192A4AAAFB00E0473D /* UIColor.swift */,
				9B8D7D2D2A4BB29D00E0473D /* UIViewController.swift */,
				9BC5485C2A4E77030059701D /* UIImageView.swift */,
			);
			path = Extensions;
			sourceTree = "<group>";
		};
		9B85A5D02A43E76900076093 /* Resource */ = {
			isa = PBXGroup;
			children = (
				9B8D7D0E2A4A7B7E00E0473D /* Lotties */,
				9B8D7D0D2A4A7B1F00E0473D /* Photos */,
			);
			path = Resource;
			sourceTree = "<group>";
		};
		9B85A5D12A43E79600076093 /* Model */ = {
			isa = PBXGroup;
			children = (
			);
			path = Model;
			sourceTree = "<group>";
		};
		9B85A5D42A43E7FE00076093 /* View */ = {
			isa = PBXGroup;
			children = (
				9B36032A2A49484100BE4E0D /* LoginView.swift */,
				9B8D7D172A4AA8EC00E0473D /* SigninView.swift */,
			);
			path = View;
			sourceTree = "<group>";
		};
		9B85A5D52A43E80E00076093 /* Controller */ = {
			isa = PBXGroup;
			children = (
				9B1B6FB32A43B72200E1EC53 /* LoginViewController.swift */,
				9B8D7D132A4AA17600E0473D /* LoginNavigationController.swift */,
				9B8D7D152A4AA8A100E0473D /* SigninViewController.swift */,
			);
			path = Controller;
			sourceTree = "<group>";
		};
		9B8D7D052A4A6AA100E0473D /* MVC */ = {
			isa = PBXGroup;
			children = (
				9B8D7D072A4A6AAF00E0473D /* LaunchScreen */,
				9B8D7D062A4A6AAB00E0473D /* Login */,
				9B8D7D1D2A4ACAD700E0473D /* Home */,
				9BC5485E2A4E9B540059701D /* Setting */,
			);
			path = MVC;
			sourceTree = "<group>";
		};
		9B8D7D062A4A6AAB00E0473D /* Login */ = {
			isa = PBXGroup;
			children = (
				9B85A5D12A43E79600076093 /* Model */,
				9B85A5D42A43E7FE00076093 /* View */,
				9B85A5D52A43E80E00076093 /* Controller */,
			);
			path = Login;
			sourceTree = "<group>";
		};
		9B8D7D072A4A6AAF00E0473D /* LaunchScreen */ = {
			isa = PBXGroup;
			children = (
				9B8D7D0B2A4A6BAE00E0473D /* View */,
				9B8D7D082A4A6AEB00E0473D /* Controller */,
			);
			path = LaunchScreen;
			sourceTree = "<group>";
		};
		9B8D7D082A4A6AEB00E0473D /* Controller */ = {
			isa = PBXGroup;
			children = (
				9B8D7D092A4A6BA200E0473D /* LaunchScreenViewController.swift */,
				9BC548692A4EA03E0059701D /* MainTabBarController.swift */,
			);
			path = Controller;
			sourceTree = "<group>";
		};
		9B8D7D0B2A4A6BAE00E0473D /* View */ = {
			isa = PBXGroup;
			children = (
				9B1B6FBA2A43B72600E1EC53 /* LaunchScreen.storyboard */,
			);
			path = View;
			sourceTree = "<group>";
		};
		9B8D7D0C2A4A7AB400E0473D /* App */ = {
			isa = PBXGroup;
			children = (
				9B1B6FAF2A43B72200E1EC53 /* AppDelegate.swift */,
				9B1B6FB12A43B72200E1EC53 /* SceneDelegate.swift */,
				9B1B6FBD2A43B72600E1EC53 /* Info.plist */,
			);
			path = App;
			sourceTree = "<group>";
		};
		9B8D7D0D2A4A7B1F00E0473D /* Photos */ = {
			isa = PBXGroup;
			children = (
				9B1B6FB82A43B72600E1EC53 /* Assets.xcassets */,
			);
			path = Photos;
			sourceTree = "<group>";
		};
		9B8D7D0E2A4A7B7E00E0473D /* Lotties */ = {
			isa = PBXGroup;
			children = (
				9B8D7D0F2A4A7BB700E0473D /* Drop_Pong_yellow.json */,
			);
			path = Lotties;
			sourceTree = "<group>";
		};
		9B8D7D1D2A4ACAD700E0473D /* Home */ = {
			isa = PBXGroup;
			children = (
				9B8D7D1E2A4ACB0E00E0473D /* Model */,
				9B8D7D202A4ACB1500E0473D /* View */,
				9B8D7D1F2A4ACB1300E0473D /* Controller */,
				9B8D7D252A4AD09B00E0473D /* Food */,
			);
			path = Home;
			sourceTree = "<group>";
		};
		9B8D7D1E2A4ACB0E00E0473D /* Model */ = {
			isa = PBXGroup;
			children = (
			);
			path = Model;
			sourceTree = "<group>";
		};
		9B8D7D1F2A4ACB1300E0473D /* Controller */ = {
			isa = PBXGroup;
			children = (
				9B8D7D212A4ACB7300E0473D /* HomeViewController.swift */,
				9B8D7D2F2A4BF7F700E0473D /* HomeNavigationController.swift */,
			);
			path = Controller;
			sourceTree = "<group>";
		};
		9B8D7D202A4ACB1500E0473D /* View */ = {
			isa = PBXGroup;
			children = (
				9B8D7D232A4ACBB200E0473D /* HomeView.swift */,
			);
			path = View;
			sourceTree = "<group>";
		};
		9B8D7D252A4AD09B00E0473D /* Food */ = {
			isa = PBXGroup;
			children = (
				9B8D7D282A4AD0AB00E0473D /* Model */,
				9B8D7D272A4AD0AA00E0473D /* View */,
				9B8D7D262A4AD0A800E0473D /* ViewController */,
			);
			path = Food;
			sourceTree = "<group>";
		};
		9B8D7D262A4AD0A800E0473D /* ViewController */ = {
			isa = PBXGroup;
			children = (
				9B8D7D292A4AD0ED00E0473D /* SampleViewController.swift */,
				9B8D7D352A4C1C0400E0473D /* FoodViewController.swift */,
				9BC5484E2A4D1AE60059701D /* OnlyTableViewController.swift */,
				9BC548522A4D23190059701D /* FoodDetailViewController.swift */,
			);
			path = ViewController;
			sourceTree = "<group>";
		};
		9B8D7D272A4AD0AA00E0473D /* View */ = {
			isa = PBXGroup;
			children = (
				9B8D7D2B2A4AD1A300E0473D /* SampleView.swift */,
				9B8D7D332A4C18F700E0473D /* FoodView.swift */,
				9B8D7D372A4C1DAF00E0473D /* FoodCell.swift */,
				9BC548502A4D1B6F0059701D /* OnlyTableView.swift */,
				9BC5485A2A4D56290059701D /* SubNavigationCell.swift */,
				9BC548542A4D4D7C0059701D /* SubNavigationView.swift */,
			);
			path = View;
			sourceTree = "<group>";
		};
		9B8D7D282A4AD0AB00E0473D /* Model */ = {
			isa = PBXGroup;
			children = (
				9B8D7D312A4C185500E0473D /* Food.swift */,
			);
			path = Model;
			sourceTree = "<group>";
		};
		9BC5485E2A4E9B540059701D /* Setting */ = {
			isa = PBXGroup;
			children = (
				9BC548622A4E9B800059701D /* Model */,
				9BC548612A4E9B7D0059701D /* View */,
				9BC5485F2A4E9B770059701D /* ViewController */,
			);
			path = Setting;
			sourceTree = "<group>";
		};
		9BC5485F2A4E9B770059701D /* ViewController */ = {
			isa = PBXGroup;
			children = (
				9BC548632A4E9C050059701D /* SetingViewController.swift */,
				9BC548672A4E9DBE0059701D /* SettingNavigationController.swift */,
			);
			path = ViewController;
			sourceTree = "<group>";
		};
		9BC548612A4E9B7D0059701D /* View */ = {
			isa = PBXGroup;
			children = (
				9BC548652A4E9C740059701D /* SettingView.swift */,
			);
			path = View;
			sourceTree = "<group>";
		};
		9BC548622A4E9B800059701D /* Model */ = {
			isa = PBXGroup;
			children = (
			);
			path = Model;
			sourceTree = "<group>";
		};
		AEA1A008AF0487A26A5CE2CB /* Frameworks */ = {
			isa = PBXGroup;
			children = (
				16825D97DEAB6659D6B9C1E5 /* Pods_PracticeForLogin.framework */,
				1C20DE8C63E0AD309FB40535 /* Pods_PracticeForLogin_PracticeForLoginUITests.framework */,
				E851E1AFA1C4A2CFAE7685F0 /* Pods_PracticeForLoginTests.framework */,
			);
			name = Frameworks;
			sourceTree = "<group>";
		};
/* End PBXGroup section */

/* Begin PBXNativeTarget section */
		9B1B6FAB2A43B72200E1EC53 /* PracticeForLogin */ = {
			isa = PBXNativeTarget;
			buildConfigurationList = 9B1B6FD62A43B72600E1EC53 /* Build configuration list for PBXNativeTarget "PracticeForLogin" */;
			buildPhases = (
				2836D3003F12C94EFB2C1000 /* [CP] Check Pods Manifest.lock */,
				9B1B6FA82A43B72200E1EC53 /* Sources */,
				9B1B6FA92A43B72200E1EC53 /* Frameworks */,
				9B1B6FAA2A43B72200E1EC53 /* Resources */,
				0E96DDE1A8E1845A3FD85C39 /* [CP] Embed Pods Frameworks */,
			);
			buildRules = (
			);
			dependencies = (
			);
			name = PracticeForLogin;
			productName = PracticeForLogin;
			productReference = 9B1B6FAC2A43B72200E1EC53 /* PracticeForLogin.app */;
			productType = "com.apple.product-type.application";
		};
		9B1B6FC12A43B72600E1EC53 /* PracticeForLoginTests */ = {
			isa = PBXNativeTarget;
			buildConfigurationList = 9B1B6FD92A43B72600E1EC53 /* Build configuration list for PBXNativeTarget "PracticeForLoginTests" */;
			buildPhases = (
				508ABDF2B1DF619DC92C7D2F /* [CP] Check Pods Manifest.lock */,
				9B1B6FBE2A43B72600E1EC53 /* Sources */,
				9B1B6FBF2A43B72600E1EC53 /* Frameworks */,
				9B1B6FC02A43B72600E1EC53 /* Resources */,
			);
			buildRules = (
			);
			dependencies = (
				9B1B6FC42A43B72600E1EC53 /* PBXTargetDependency */,
			);
			name = PracticeForLoginTests;
			productName = PracticeForLoginTests;
			productReference = 9B1B6FC22A43B72600E1EC53 /* PracticeForLoginTests.xctest */;
			productType = "com.apple.product-type.bundle.unit-test";
		};
		9B1B6FCB2A43B72600E1EC53 /* PracticeForLoginUITests */ = {
			isa = PBXNativeTarget;
			buildConfigurationList = 9B1B6FDC2A43B72600E1EC53 /* Build configuration list for PBXNativeTarget "PracticeForLoginUITests" */;
			buildPhases = (
				854C7E268F28CECB8BF29582 /* [CP] Check Pods Manifest.lock */,
				9B1B6FC82A43B72600E1EC53 /* Sources */,
				9B1B6FC92A43B72600E1EC53 /* Frameworks */,
				9B1B6FCA2A43B72600E1EC53 /* Resources */,
				256916997984111328876035 /* [CP] Embed Pods Frameworks */,
			);
			buildRules = (
			);
			dependencies = (
				9B1B6FCE2A43B72600E1EC53 /* PBXTargetDependency */,
			);
			name = PracticeForLoginUITests;
			productName = PracticeForLoginUITests;
			productReference = 9B1B6FCC2A43B72600E1EC53 /* PracticeForLoginUITests.xctest */;
			productType = "com.apple.product-type.bundle.ui-testing";
		};
/* End PBXNativeTarget section */

/* Begin PBXProject section */
		9B1B6FA42A43B72200E1EC53 /* Project object */ = {
			isa = PBXProject;
			attributes = {
				BuildIndependentTargetsInParallel = 1;
				LastSwiftUpdateCheck = 1430;
				LastUpgradeCheck = 1430;
				TargetAttributes = {
					9B1B6FAB2A43B72200E1EC53 = {
						CreatedOnToolsVersion = 14.3.1;
					};
					9B1B6FC12A43B72600E1EC53 = {
						CreatedOnToolsVersion = 14.3.1;
						TestTargetID = 9B1B6FAB2A43B72200E1EC53;
					};
					9B1B6FCB2A43B72600E1EC53 = {
						CreatedOnToolsVersion = 14.3.1;
						TestTargetID = 9B1B6FAB2A43B72200E1EC53;
					};
				};
			};
			buildConfigurationList = 9B1B6FA72A43B72200E1EC53 /* Build configuration list for PBXProject "PracticeForLogin" */;
			compatibilityVersion = "Xcode 14.0";
			developmentRegion = en;
			hasScannedForEncodings = 0;
			knownRegions = (
				en,
				Base,
			);
			mainGroup = 9B1B6FA32A43B72200E1EC53;
			productRefGroup = 9B1B6FAD2A43B72200E1EC53 /* Products */;
			projectDirPath = "";
			projectRoot = "";
			targets = (
				9B1B6FAB2A43B72200E1EC53 /* PracticeForLogin */,
				9B1B6FC12A43B72600E1EC53 /* PracticeForLoginTests */,
				9B1B6FCB2A43B72600E1EC53 /* PracticeForLoginUITests */,
			);
		};
/* End PBXProject section */

/* Begin PBXResourcesBuildPhase section */
		9B1B6FAA2A43B72200E1EC53 /* Resources */ = {
			isa = PBXResourcesBuildPhase;
			buildActionMask = 2147483647;
			files = (
				9B8D7D102A4A7BB700E0473D /* Drop_Pong_yellow.json in Resources */,
				9B1B6FBC2A43B72600E1EC53 /* LaunchScreen.storyboard in Resources */,
				9B1B6FB92A43B72600E1EC53 /* Assets.xcassets in Resources */,
			);
			runOnlyForDeploymentPostprocessing = 0;
		};
		9B1B6FC02A43B72600E1EC53 /* Resources */ = {
			isa = PBXResourcesBuildPhase;
			buildActionMask = 2147483647;
			files = (
			);
			runOnlyForDeploymentPostprocessing = 0;
		};
		9B1B6FCA2A43B72600E1EC53 /* Resources */ = {
			isa = PBXResourcesBuildPhase;
			buildActionMask = 2147483647;
			files = (
			);
			runOnlyForDeploymentPostprocessing = 0;
		};
/* End PBXResourcesBuildPhase section */

/* Begin PBXShellScriptBuildPhase section */
		0E96DDE1A8E1845A3FD85C39 /* [CP] Embed Pods Frameworks */ = {
			isa = PBXShellScriptBuildPhase;
			buildActionMask = 2147483647;
			files = (
			);
			inputFileListPaths = (
				"${PODS_ROOT}/Target Support Files/Pods-PracticeForLogin/Pods-PracticeForLogin-frameworks-${CONFIGURATION}-input-files.xcfilelist",
			);
			name = "[CP] Embed Pods Frameworks";
			outputFileListPaths = (
				"${PODS_ROOT}/Target Support Files/Pods-PracticeForLogin/Pods-PracticeForLogin-frameworks-${CONFIGURATION}-output-files.xcfilelist",
			);
			runOnlyForDeploymentPostprocessing = 0;
			shellPath = /bin/sh;
			shellScript = "\"${PODS_ROOT}/Target Support Files/Pods-PracticeForLogin/Pods-PracticeForLogin-frameworks.sh\"\n";
			showEnvVarsInLog = 0;
		};
		256916997984111328876035 /* [CP] Embed Pods Frameworks */ = {
			isa = PBXShellScriptBuildPhase;
			buildActionMask = 2147483647;
			files = (
			);
			inputFileListPaths = (
				"${PODS_ROOT}/Target Support Files/Pods-PracticeForLogin-PracticeForLoginUITests/Pods-PracticeForLogin-PracticeForLoginUITests-frameworks-${CONFIGURATION}-input-files.xcfilelist",
			);
			name = "[CP] Embed Pods Frameworks";
			outputFileListPaths = (
				"${PODS_ROOT}/Target Support Files/Pods-PracticeForLogin-PracticeForLoginUITests/Pods-PracticeForLogin-PracticeForLoginUITests-frameworks-${CONFIGURATION}-output-files.xcfilelist",
			);
			runOnlyForDeploymentPostprocessing = 0;
			shellPath = /bin/sh;
			shellScript = "\"${PODS_ROOT}/Target Support Files/Pods-PracticeForLogin-PracticeForLoginUITests/Pods-PracticeForLogin-PracticeForLoginUITests-frameworks.sh\"\n";
			showEnvVarsInLog = 0;
		};
		2836D3003F12C94EFB2C1000 /* [CP] Check Pods Manifest.lock */ = {
			isa = PBXShellScriptBuildPhase;
			buildActionMask = 2147483647;
			files = (
			);
			inputFileListPaths = (
			);
			inputPaths = (
				"${PODS_PODFILE_DIR_PATH}/Podfile.lock",
				"${PODS_ROOT}/Manifest.lock",
			);
			name = "[CP] Check Pods Manifest.lock";
			outputFileListPaths = (
			);
			outputPaths = (
				"$(DERIVED_FILE_DIR)/Pods-PracticeForLogin-checkManifestLockResult.txt",
			);
			runOnlyForDeploymentPostprocessing = 0;
			shellPath = /bin/sh;
			shellScript = "diff \"${PODS_PODFILE_DIR_PATH}/Podfile.lock\" \"${PODS_ROOT}/Manifest.lock\" > /dev/null\nif [ $? != 0 ] ; then\n    # print error to STDERR\n    echo \"error: The sandbox is not in sync with the Podfile.lock. Run 'pod install' or update your CocoaPods installation.\" >&2\n    exit 1\nfi\n# This output is used by Xcode 'outputs' to avoid re-running this script phase.\necho \"SUCCESS\" > \"${SCRIPT_OUTPUT_FILE_0}\"\n";
			showEnvVarsInLog = 0;
		};
		508ABDF2B1DF619DC92C7D2F /* [CP] Check Pods Manifest.lock */ = {
			isa = PBXShellScriptBuildPhase;
			buildActionMask = 2147483647;
			files = (
			);
			inputFileListPaths = (
			);
			inputPaths = (
				"${PODS_PODFILE_DIR_PATH}/Podfile.lock",
				"${PODS_ROOT}/Manifest.lock",
			);
			name = "[CP] Check Pods Manifest.lock";
			outputFileListPaths = (
			);
			outputPaths = (
				"$(DERIVED_FILE_DIR)/Pods-PracticeForLoginTests-checkManifestLockResult.txt",
			);
			runOnlyForDeploymentPostprocessing = 0;
			shellPath = /bin/sh;
			shellScript = "diff \"${PODS_PODFILE_DIR_PATH}/Podfile.lock\" \"${PODS_ROOT}/Manifest.lock\" > /dev/null\nif [ $? != 0 ] ; then\n    # print error to STDERR\n    echo \"error: The sandbox is not in sync with the Podfile.lock. Run 'pod install' or update your CocoaPods installation.\" >&2\n    exit 1\nfi\n# This output is used by Xcode 'outputs' to avoid re-running this script phase.\necho \"SUCCESS\" > \"${SCRIPT_OUTPUT_FILE_0}\"\n";
			showEnvVarsInLog = 0;
		};
		854C7E268F28CECB8BF29582 /* [CP] Check Pods Manifest.lock */ = {
			isa = PBXShellScriptBuildPhase;
			buildActionMask = 2147483647;
			files = (
			);
			inputFileListPaths = (
			);
			inputPaths = (
				"${PODS_PODFILE_DIR_PATH}/Podfile.lock",
				"${PODS_ROOT}/Manifest.lock",
			);
			name = "[CP] Check Pods Manifest.lock";
			outputFileListPaths = (
			);
			outputPaths = (
				"$(DERIVED_FILE_DIR)/Pods-PracticeForLogin-PracticeForLoginUITests-checkManifestLockResult.txt",
			);
			runOnlyForDeploymentPostprocessing = 0;
			shellPath = /bin/sh;
			shellScript = "diff \"${PODS_PODFILE_DIR_PATH}/Podfile.lock\" \"${PODS_ROOT}/Manifest.lock\" > /dev/null\nif [ $? != 0 ] ; then\n    # print error to STDERR\n    echo \"error: The sandbox is not in sync with the Podfile.lock. Run 'pod install' or update your CocoaPods installation.\" >&2\n    exit 1\nfi\n# This output is used by Xcode 'outputs' to avoid re-running this script phase.\necho \"SUCCESS\" > \"${SCRIPT_OUTPUT_FILE_0}\"\n";
			showEnvVarsInLog = 0;
		};
/* End PBXShellScriptBuildPhase section */

/* Begin PBXSourcesBuildPhase section */
		9B1B6FA82A43B72200E1EC53 /* Sources */ = {
			isa = PBXSourcesBuildPhase;
			buildActionMask = 2147483647;
			files = (
				9B3603302A49651100BE4E0D /* UIButton.swift in Sources */,
				9BC548682A4E9DBE0059701D /* SettingNavigationController.swift in Sources */,
				9B8D7D1C2A4AB35500E0473D /* Constants.swift in Sources */,
				9BC548552A4D4D7C0059701D /* SubNavigationView.swift in Sources */,
				9B8D7D242A4ACBB200E0473D /* HomeView.swift in Sources */,
				9B1B6FB42A43B72200E1EC53 /* LoginViewController.swift in Sources */,
				9BC548662A4E9C740059701D /* SettingView.swift in Sources */,
				9BC5484F2A4D1AE60059701D /* OnlyTableViewController.swift in Sources */,
				9B8D7D182A4AA8EC00E0473D /* SigninView.swift in Sources */,
				9BC548572A4D55780059701D /* TouchableOpacityView.swift in Sources */,
				9BC548642A4E9C050059701D /* SetingViewController.swift in Sources */,
				9BC5485B2A4D56290059701D /* SubNavigationCell.swift in Sources */,
				9B8D7D342A4C18F700E0473D /* FoodView.swift in Sources */,
				9B8D7D362A4C1C0400E0473D /* FoodViewController.swift in Sources */,
				9BC548532A4D23190059701D /* FoodDetailViewController.swift in Sources */,
				9B8D7D322A4C185500E0473D /* Food.swift in Sources */,
				9BC5486A2A4EA03E0059701D /* MainTabBarController.swift in Sources */,
				9B1B6FB02A43B72200E1EC53 /* AppDelegate.swift in Sources */,
				9B8D7D2C2A4AD1A300E0473D /* SampleView.swift in Sources */,
				9B36032B2A49484100BE4E0D /* LoginView.swift in Sources */,
				9BC5485D2A4E77030059701D /* UIImageView.swift in Sources */,
				9B8D7D302A4BF7F700E0473D /* HomeNavigationController.swift in Sources */,
				9B8D7D162A4AA8A100E0473D /* SigninViewController.swift in Sources */,
				9B8D7D2A2A4AD0ED00E0473D /* SampleViewController.swift in Sources */,
				9BC5484D2A4D04510059701D /* FoodDataManager.swift in Sources */,
				9BC548592A4D559A0059701D /* OpacityTapGestureRecognizer.swift in Sources */,
				9B8D7D0A2A4A6BA200E0473D /* LaunchScreenViewController.swift in Sources */,
				9B1B6FB22A43B72200E1EC53 /* SceneDelegate.swift in Sources */,
				9B8D7D382A4C1DAF00E0473D /* FoodCell.swift in Sources */,
				9BC548512A4D1B6F0059701D /* OnlyTableView.swift in Sources */,
				9B8D7D142A4AA17600E0473D /* LoginNavigationController.swift in Sources */,
				9B8D7D1A2A4AAAFB00E0473D /* UIColor.swift in Sources */,
				9B8D7D2E2A4BB29D00E0473D /* UIViewController.swift in Sources */,
				9B8D7D222A4ACB7300E0473D /* HomeViewController.swift in Sources */,
			);
			runOnlyForDeploymentPostprocessing = 0;
		};
		9B1B6FBE2A43B72600E1EC53 /* Sources */ = {
			isa = PBXSourcesBuildPhase;
			buildActionMask = 2147483647;
			files = (
				9B1B6FC72A43B72600E1EC53 /* PracticeForLoginTests.swift in Sources */,
			);
			runOnlyForDeploymentPostprocessing = 0;
		};
		9B1B6FC82A43B72600E1EC53 /* Sources */ = {
			isa = PBXSourcesBuildPhase;
			buildActionMask = 2147483647;
			files = (
				9B1B6FD12A43B72600E1EC53 /* PracticeForLoginUITests.swift in Sources */,
				9B1B6FD32A43B72600E1EC53 /* PracticeForLoginUITestsLaunchTests.swift in Sources */,
			);
			runOnlyForDeploymentPostprocessing = 0;
		};
/* End PBXSourcesBuildPhase section */

/* Begin PBXTargetDependency section */
		9B1B6FC42A43B72600E1EC53 /* PBXTargetDependency */ = {
			isa = PBXTargetDependency;
			target = 9B1B6FAB2A43B72200E1EC53 /* PracticeForLogin */;
			targetProxy = 9B1B6FC32A43B72600E1EC53 /* PBXContainerItemProxy */;
		};
		9B1B6FCE2A43B72600E1EC53 /* PBXTargetDependency */ = {
			isa = PBXTargetDependency;
			target = 9B1B6FAB2A43B72200E1EC53 /* PracticeForLogin */;
			targetProxy = 9B1B6FCD2A43B72600E1EC53 /* PBXContainerItemProxy */;
		};
/* End PBXTargetDependency section */

/* Begin PBXVariantGroup section */
		9B1B6FBA2A43B72600E1EC53 /* LaunchScreen.storyboard */ = {
			isa = PBXVariantGroup;
			children = (
				9B1B6FBB2A43B72600E1EC53 /* Base */,
			);
			name = LaunchScreen.storyboard;
			sourceTree = "<group>";
		};
/* End PBXVariantGroup section */

/* Begin XCBuildConfiguration section */
		9B1B6FD42A43B72600E1EC53 /* Debug */ = {
			isa = XCBuildConfiguration;
			buildSettings = {
				ALWAYS_SEARCH_USER_PATHS = NO;
				CLANG_ANALYZER_NONNULL = YES;
				CLANG_ANALYZER_NUMBER_OBJECT_CONVERSION = YES_AGGRESSIVE;
				CLANG_CXX_LANGUAGE_STANDARD = "gnu++20";
				CLANG_ENABLE_MODULES = YES;
				CLANG_ENABLE_OBJC_ARC = YES;
				CLANG_ENABLE_OBJC_WEAK = YES;
				CLANG_WARN_BLOCK_CAPTURE_AUTORELEASING = YES;
				CLANG_WARN_BOOL_CONVERSION = YES;
				CLANG_WARN_COMMA = YES;
				CLANG_WARN_CONSTANT_CONVERSION = YES;
				CLANG_WARN_DEPRECATED_OBJC_IMPLEMENTATIONS = YES;
				CLANG_WARN_DIRECT_OBJC_ISA_USAGE = YES_ERROR;
				CLANG_WARN_DOCUMENTATION_COMMENTS = YES;
				CLANG_WARN_EMPTY_BODY = YES;
				CLANG_WARN_ENUM_CONVERSION = YES;
				CLANG_WARN_INFINITE_RECURSION = YES;
				CLANG_WARN_INT_CONVERSION = YES;
				CLANG_WARN_NON_LITERAL_NULL_CONVERSION = YES;
				CLANG_WARN_OBJC_IMPLICIT_RETAIN_SELF = YES;
				CLANG_WARN_OBJC_LITERAL_CONVERSION = YES;
				CLANG_WARN_OBJC_ROOT_CLASS = YES_ERROR;
				CLANG_WARN_QUOTED_INCLUDE_IN_FRAMEWORK_HEADER = YES;
				CLANG_WARN_RANGE_LOOP_ANALYSIS = YES;
				CLANG_WARN_STRICT_PROTOTYPES = YES;
				CLANG_WARN_SUSPICIOUS_MOVE = YES;
				CLANG_WARN_UNGUARDED_AVAILABILITY = YES_AGGRESSIVE;
				CLANG_WARN_UNREACHABLE_CODE = YES;
				CLANG_WARN__DUPLICATE_METHOD_MATCH = YES;
				COPY_PHASE_STRIP = NO;
				DEBUG_INFORMATION_FORMAT = dwarf;
				ENABLE_STRICT_OBJC_MSGSEND = YES;
				ENABLE_TESTABILITY = YES;
				GCC_C_LANGUAGE_STANDARD = gnu11;
				GCC_DYNAMIC_NO_PIC = NO;
				GCC_NO_COMMON_BLOCKS = YES;
				GCC_OPTIMIZATION_LEVEL = 0;
				GCC_PREPROCESSOR_DEFINITIONS = (
					"DEBUG=1",
					"$(inherited)",
				);
				GCC_WARN_64_TO_32_BIT_CONVERSION = YES;
				GCC_WARN_ABOUT_RETURN_TYPE = YES_ERROR;
				GCC_WARN_UNDECLARED_SELECTOR = YES;
				GCC_WARN_UNINITIALIZED_AUTOS = YES_AGGRESSIVE;
				GCC_WARN_UNUSED_FUNCTION = YES;
				GCC_WARN_UNUSED_VARIABLE = YES;
				IPHONEOS_DEPLOYMENT_TARGET = 16.4;
				MTL_ENABLE_DEBUG_INFO = INCLUDE_SOURCE;
				MTL_FAST_MATH = YES;
				ONLY_ACTIVE_ARCH = YES;
				SDKROOT = iphoneos;
				SWIFT_ACTIVE_COMPILATION_CONDITIONS = DEBUG;
				SWIFT_OPTIMIZATION_LEVEL = "-Onone";
			};
			name = Debug;
		};
		9B1B6FD52A43B72600E1EC53 /* Release */ = {
			isa = XCBuildConfiguration;
			buildSettings = {
				ALWAYS_SEARCH_USER_PATHS = NO;
				CLANG_ANALYZER_NONNULL = YES;
				CLANG_ANALYZER_NUMBER_OBJECT_CONVERSION = YES_AGGRESSIVE;
				CLANG_CXX_LANGUAGE_STANDARD = "gnu++20";
				CLANG_ENABLE_MODULES = YES;
				CLANG_ENABLE_OBJC_ARC = YES;
				CLANG_ENABLE_OBJC_WEAK = YES;
				CLANG_WARN_BLOCK_CAPTURE_AUTORELEASING = YES;
				CLANG_WARN_BOOL_CONVERSION = YES;
				CLANG_WARN_COMMA = YES;
				CLANG_WARN_CONSTANT_CONVERSION = YES;
				CLANG_WARN_DEPRECATED_OBJC_IMPLEMENTATIONS = YES;
				CLANG_WARN_DIRECT_OBJC_ISA_USAGE = YES_ERROR;
				CLANG_WARN_DOCUMENTATION_COMMENTS = YES;
				CLANG_WARN_EMPTY_BODY = YES;
				CLANG_WARN_ENUM_CONVERSION = YES;
				CLANG_WARN_INFINITE_RECURSION = YES;
				CLANG_WARN_INT_CONVERSION = YES;
				CLANG_WARN_NON_LITERAL_NULL_CONVERSION = YES;
				CLANG_WARN_OBJC_IMPLICIT_RETAIN_SELF = YES;
				CLANG_WARN_OBJC_LITERAL_CONVERSION = YES;
				CLANG_WARN_OBJC_ROOT_CLASS = YES_ERROR;
				CLANG_WARN_QUOTED_INCLUDE_IN_FRAMEWORK_HEADER = YES;
				CLANG_WARN_RANGE_LOOP_ANALYSIS = YES;
				CLANG_WARN_STRICT_PROTOTYPES = YES;
				CLANG_WARN_SUSPICIOUS_MOVE = YES;
				CLANG_WARN_UNGUARDED_AVAILABILITY = YES_AGGRESSIVE;
				CLANG_WARN_UNREACHABLE_CODE = YES;
				CLANG_WARN__DUPLICATE_METHOD_MATCH = YES;
				COPY_PHASE_STRIP = NO;
				DEBUG_INFORMATION_FORMAT = "dwarf-with-dsym";
				ENABLE_NS_ASSERTIONS = NO;
				ENABLE_STRICT_OBJC_MSGSEND = YES;
				GCC_C_LANGUAGE_STANDARD = gnu11;
				GCC_NO_COMMON_BLOCKS = YES;
				GCC_WARN_64_TO_32_BIT_CONVERSION = YES;
				GCC_WARN_ABOUT_RETURN_TYPE = YES_ERROR;
				GCC_WARN_UNDECLARED_SELECTOR = YES;
				GCC_WARN_UNINITIALIZED_AUTOS = YES_AGGRESSIVE;
				GCC_WARN_UNUSED_FUNCTION = YES;
				GCC_WARN_UNUSED_VARIABLE = YES;
				IPHONEOS_DEPLOYMENT_TARGET = 16.4;
				MTL_ENABLE_DEBUG_INFO = NO;
				MTL_FAST_MATH = YES;
				SDKROOT = iphoneos;
				SWIFT_COMPILATION_MODE = wholemodule;
				SWIFT_OPTIMIZATION_LEVEL = "-O";
				VALIDATE_PRODUCT = YES;
			};
			name = Release;
		};
		9B1B6FD72A43B72600E1EC53 /* Debug */ = {
			isa = XCBuildConfiguration;
			baseConfigurationReference = 2CE024D3D4D7E1FA2D861CAD /* Pods-PracticeForLogin.debug.xcconfig */;
			buildSettings = {
				ASSETCATALOG_COMPILER_APPICON_NAME = AppIcon;
				ASSETCATALOG_COMPILER_GLOBAL_ACCENT_COLOR_NAME = AccentColor;
				CODE_SIGN_STYLE = Automatic;
				CURRENT_PROJECT_VERSION = 1;
				DEVELOPMENT_TEAM = 68YVCN8TF9;
				GENERATE_INFOPLIST_FILE = YES;
				INFOPLIST_FILE = PracticeForLogin/Info.plist;
				INFOPLIST_KEY_UIApplicationSupportsIndirectInputEvents = YES;
				INFOPLIST_KEY_UILaunchStoryboardName = LaunchScreen.storyboard;
				INFOPLIST_KEY_UISupportedInterfaceOrientations_iPad = "UIInterfaceOrientationPortrait UIInterfaceOrientationPortraitUpsideDown UIInterfaceOrientationLandscapeLeft UIInterfaceOrientationLandscapeRight";
				INFOPLIST_KEY_UISupportedInterfaceOrientations_iPhone = "UIInterfaceOrientationPortrait UIInterfaceOrientationLandscapeLeft UIInterfaceOrientationLandscapeRight";
				IPHONEOS_DEPLOYMENT_TARGET = 14.0;
				LD_RUNPATH_SEARCH_PATHS = (
					"$(inherited)",
					"@executable_path/Frameworks",
				);
				MARKETING_VERSION = 1.0;
				PRODUCT_BUNDLE_IDENTIFIER = PracticeForLogin.PracticeForLogin;
				PRODUCT_NAME = "$(TARGET_NAME)";
				SWIFT_EMIT_LOC_STRINGS = YES;
				SWIFT_VERSION = 5.0;
				TARGETED_DEVICE_FAMILY = "1,2";
			};
			name = Debug;
		};
		9B1B6FD82A43B72600E1EC53 /* Release */ = {
			isa = XCBuildConfiguration;
			baseConfigurationReference = 2C35A027EE80E7CA5EA87EAC /* Pods-PracticeForLogin.release.xcconfig */;
			buildSettings = {
				ASSETCATALOG_COMPILER_APPICON_NAME = AppIcon;
				ASSETCATALOG_COMPILER_GLOBAL_ACCENT_COLOR_NAME = AccentColor;
				CODE_SIGN_STYLE = Automatic;
				CURRENT_PROJECT_VERSION = 1;
				DEVELOPMENT_TEAM = 68YVCN8TF9;
				GENERATE_INFOPLIST_FILE = YES;
				INFOPLIST_FILE = PracticeForLogin/Info.plist;
				INFOPLIST_KEY_UIApplicationSupportsIndirectInputEvents = YES;
				INFOPLIST_KEY_UILaunchStoryboardName = LaunchScreen.storyboard;
				INFOPLIST_KEY_UISupportedInterfaceOrientations_iPad = "UIInterfaceOrientationPortrait UIInterfaceOrientationPortraitUpsideDown UIInterfaceOrientationLandscapeLeft UIInterfaceOrientationLandscapeRight";
				INFOPLIST_KEY_UISupportedInterfaceOrientations_iPhone = "UIInterfaceOrientationPortrait UIInterfaceOrientationLandscapeLeft UIInterfaceOrientationLandscapeRight";
				IPHONEOS_DEPLOYMENT_TARGET = 14.0;
				LD_RUNPATH_SEARCH_PATHS = (
					"$(inherited)",
					"@executable_path/Frameworks",
				);
				MARKETING_VERSION = 1.0;
				PRODUCT_BUNDLE_IDENTIFIER = PracticeForLogin.PracticeForLogin;
				PRODUCT_NAME = "$(TARGET_NAME)";
				SWIFT_EMIT_LOC_STRINGS = YES;
				SWIFT_VERSION = 5.0;
				TARGETED_DEVICE_FAMILY = "1,2";
			};
			name = Release;
		};
		9B1B6FDA2A43B72600E1EC53 /* Debug */ = {
			isa = XCBuildConfiguration;
			baseConfigurationReference = C47175BC685AFF457FC4125E /* Pods-PracticeForLoginTests.debug.xcconfig */;
			buildSettings = {
				ALWAYS_EMBED_SWIFT_STANDARD_LIBRARIES = YES;
				BUNDLE_LOADER = "$(TEST_HOST)";
				CODE_SIGN_STYLE = Automatic;
				CURRENT_PROJECT_VERSION = 1;
				DEVELOPMENT_TEAM = 68YVCN8TF9;
				GENERATE_INFOPLIST_FILE = YES;
				IPHONEOS_DEPLOYMENT_TARGET = 16.4;
				MARKETING_VERSION = 1.0;
				PRODUCT_BUNDLE_IDENTIFIER = PracticeForLogin.PracticeForLoginTests;
				PRODUCT_NAME = "$(TARGET_NAME)";
				SWIFT_EMIT_LOC_STRINGS = NO;
				SWIFT_VERSION = 5.0;
				TARGETED_DEVICE_FAMILY = "1,2";
				TEST_HOST = "$(BUILT_PRODUCTS_DIR)/PracticeForLogin.app/$(BUNDLE_EXECUTABLE_FOLDER_PATH)/PracticeForLogin";
			};
			name = Debug;
		};
		9B1B6FDB2A43B72600E1EC53 /* Release */ = {
			isa = XCBuildConfiguration;
			baseConfigurationReference = C810D9E8C26401CB125DA435 /* Pods-PracticeForLoginTests.release.xcconfig */;
			buildSettings = {
				ALWAYS_EMBED_SWIFT_STANDARD_LIBRARIES = YES;
				BUNDLE_LOADER = "$(TEST_HOST)";
				CODE_SIGN_STYLE = Automatic;
				CURRENT_PROJECT_VERSION = 1;
				DEVELOPMENT_TEAM = 68YVCN8TF9;
				GENERATE_INFOPLIST_FILE = YES;
				IPHONEOS_DEPLOYMENT_TARGET = 16.4;
				MARKETING_VERSION = 1.0;
				PRODUCT_BUNDLE_IDENTIFIER = PracticeForLogin.PracticeForLoginTests;
				PRODUCT_NAME = "$(TARGET_NAME)";
				SWIFT_EMIT_LOC_STRINGS = NO;
				SWIFT_VERSION = 5.0;
				TARGETED_DEVICE_FAMILY = "1,2";
				TEST_HOST = "$(BUILT_PRODUCTS_DIR)/PracticeForLogin.app/$(BUNDLE_EXECUTABLE_FOLDER_PATH)/PracticeForLogin";
			};
			name = Release;
		};
		9B1B6FDD2A43B72600E1EC53 /* Debug */ = {
			isa = XCBuildConfiguration;
			baseConfigurationReference = D2871911E18C7E331E115AE6 /* Pods-PracticeForLogin-PracticeForLoginUITests.debug.xcconfig */;
			buildSettings = {
				ALWAYS_EMBED_SWIFT_STANDARD_LIBRARIES = YES;
				CODE_SIGN_STYLE = Automatic;
				CURRENT_PROJECT_VERSION = 1;
				DEVELOPMENT_TEAM = 68YVCN8TF9;
				GENERATE_INFOPLIST_FILE = YES;
				MARKETING_VERSION = 1.0;
				PRODUCT_BUNDLE_IDENTIFIER = PracticeForLogin.PracticeForLoginUITests;
				PRODUCT_NAME = "$(TARGET_NAME)";
				SWIFT_EMIT_LOC_STRINGS = NO;
				SWIFT_VERSION = 5.0;
				TARGETED_DEVICE_FAMILY = "1,2";
				TEST_TARGET_NAME = PracticeForLogin;
			};
			name = Debug;
		};
		9B1B6FDE2A43B72600E1EC53 /* Release */ = {
			isa = XCBuildConfiguration;
			baseConfigurationReference = 65DD5AD0987A1BD745BBACBB /* Pods-PracticeForLogin-PracticeForLoginUITests.release.xcconfig */;
			buildSettings = {
				ALWAYS_EMBED_SWIFT_STANDARD_LIBRARIES = YES;
				CODE_SIGN_STYLE = Automatic;
				CURRENT_PROJECT_VERSION = 1;
				DEVELOPMENT_TEAM = 68YVCN8TF9;
				GENERATE_INFOPLIST_FILE = YES;
				MARKETING_VERSION = 1.0;
				PRODUCT_BUNDLE_IDENTIFIER = PracticeForLogin.PracticeForLoginUITests;
				PRODUCT_NAME = "$(TARGET_NAME)";
				SWIFT_EMIT_LOC_STRINGS = NO;
				SWIFT_VERSION = 5.0;
				TARGETED_DEVICE_FAMILY = "1,2";
				TEST_TARGET_NAME = PracticeForLogin;
			};
			name = Release;
		};
/* End XCBuildConfiguration section */

/* Begin XCConfigurationList section */
		9B1B6FA72A43B72200E1EC53 /* Build configuration list for PBXProject "PracticeForLogin" */ = {
			isa = XCConfigurationList;
			buildConfigurations = (
				9B1B6FD42A43B72600E1EC53 /* Debug */,
				9B1B6FD52A43B72600E1EC53 /* Release */,
			);
			defaultConfigurationIsVisible = 0;
			defaultConfigurationName = Release;
		};
		9B1B6FD62A43B72600E1EC53 /* Build configuration list for PBXNativeTarget "PracticeForLogin" */ = {
			isa = XCConfigurationList;
			buildConfigurations = (
				9B1B6FD72A43B72600E1EC53 /* Debug */,
				9B1B6FD82A43B72600E1EC53 /* Release */,
			);
			defaultConfigurationIsVisible = 0;
			defaultConfigurationName = Release;
		};
		9B1B6FD92A43B72600E1EC53 /* Build configuration list for PBXNativeTarget "PracticeForLoginTests" */ = {
			isa = XCConfigurationList;
			buildConfigurations = (
				9B1B6FDA2A43B72600E1EC53 /* Debug */,
				9B1B6FDB2A43B72600E1EC53 /* Release */,
			);
			defaultConfigurationIsVisible = 0;
			defaultConfigurationName = Release;
		};
		9B1B6FDC2A43B72600E1EC53 /* Build configuration list for PBXNativeTarget "PracticeForLoginUITests" */ = {
			isa = XCConfigurationList;
			buildConfigurations = (
				9B1B6FDD2A43B72600E1EC53 /* Debug */,
				9B1B6FDE2A43B72600E1EC53 /* Release */,
			);
			defaultConfigurationIsVisible = 0;
			defaultConfigurationName = Release;
		};
/* End XCConfigurationList section */
	};
	rootObject = 9B1B6FA42A43B72200E1EC53 /* Project object */;
}
